
Microsoft Visual Studio Solution File, Format Version 12.00
# Visual Studio Version 17
VisualStudioVersion = 17.7.34024.191
MinimumVisualStudioVersion = 10.0.40219.1
Project("{FAE04EC0-301F-11D3-BF4B-00C04F79EFBC}") = "MedVoll.Web", "MedVoll.Web\MedVoll.Web.csproj", "{1FD2E497-FCC8-4FB5-AC31-EFD246C15ED5}"
EndProject
Global
	GlobalSection(SolutionConfigurationPlatforms) = preSolution
		Debug|Any CPU = Debug|Any CPU
		Release|Any CPU = Release|Any CPU
	EndGlobalSection
	GlobalSection(ProjectConfigurationPlatforms) = postSolution
		{1FD2E497-FCC8-4FB5-AC31-EFD246C15ED5}.Debug|Any CPU.ActiveCfg = Debug|Any CPU
		{1FD2E497-FCC8-4FB5-AC31-EFD246C15ED5}.Debug|Any CPU.Build.0 = Debug|Any CPU
		{1FD2E497-FCC8-4FB5-AC31-EFD246C15ED5}.Release|Any CPU.ActiveCfg = Release|Any CPU
		{1FD2E497-FCC8-4FB5-AC31-EFD246C15ED5}.Release|Any CPU.Build.0 = Release|Any CPU
	EndGlobalSection
	GlobalSection(SolutionProperties) = preSolution
		HideSolutionNode = FALSE
	EndGlobalSection
	GlobalSection(ExtensibilityGlobals) = postSolution
		SolutionGuid = {35F7D517-8EA9-4AEB-A421-69B4FA28D916}
	EndGlobalSection
EndGlobal
